
Microsoft Visual Studio Solution File, Format Version 12.00
# Visual Studio Version 16
VisualStudioVersion = 16.0.28726.283
MinimumVisualStudioVersion = 10.0.40219.1
Project("{FAE04EC0-301F-11D3-BF4B-00C04F79EFBC}") = "VS2019_WindowsFormsApp1", "VS2019_WindowsFormsApp1\VS2019_WindowsFormsApp1.csproj", "{57C6399B-E7AF-4769-BF79-825BAB11D03B}"
EndProject
Global
	GlobalSection(SolutionConfigurationPlatforms) = preSolution
		Debug|Any CPU = Debug|Any CPU
		Release|Any CPU = Release|Any CPU
	EndGlobalSection
	GlobalSection(ProjectConfigurationPlatforms) = postSolution
		{57C6399B-E7AF-4769-BF79-825BAB11D03B}.Debug|Any CPU.ActiveCfg = Debug|Any CPU
		{57C6399B-E7AF-4769-BF79-825BAB11D03B}.Debug|Any CPU.Build.0 = Debug|Any CPU
		{57C6399B-E7AF-4769-BF79-825BAB11D03B}.Release|Any CPU.ActiveCfg = Release|Any CPU
		{57C6399B-E7AF-4769-BF79-825BAB11D03B}.Release|Any CPU.Build.0 = Release|Any CPU
	EndGlobalSection
	GlobalSection(SolutionProperties) = preSolution
		HideSolutionNode = FALSE
	EndGlobalSection
	GlobalSection(ExtensibilityGlobals) = postSolution
		SolutionGuid = {A2395ACF-1819-4A81-A601-3BAED2E6670A}
	EndGlobalSection
EndGlobal
